
Microsoft Visual Studio Solution File, Format Version 12.00
# Visual Studio Version 18
VisualStudioVersion = 18.0.11217.181 d18.0
MinimumVisualStudioVersion = 10.0.40219.1
Project("{FAE04EC0-301F-11D3-BF4B-00C04F79EFBC}") = "Sudoku", "Sudoku\Sudoku.csproj", "{F96CA95F-67F0-40DE-A3A2-D3E716E1030A}"
EndProject
Project("{FAE04EC0-301F-11D3-BF4B-00C04F79EFBC}") = "UnitTestSudoku", "UnitTestSudoku\UnitTestSudoku.csproj", "{F2FD0C9D-AFB2-454B-9E3C-CDB0074DE06D}"
EndProject
Global
	GlobalSection(SolutionConfigurationPlatforms) = preSolution
		Debug|Any CPU = Debug|Any CPU
		Release|Any CPU = Release|Any CPU
	EndGlobalSection
	GlobalSection(ProjectConfigurationPlatforms) = postSolution
		{F96CA95F-67F0-40DE-A3A2-D3E716E1030A}.Debug|Any CPU.ActiveCfg = Debug|Any CPU
		{F96CA95F-67F0-40DE-A3A2-D3E716E1030A}.Debug|Any CPU.Build.0 = Debug|Any CPU
		{F96CA95F-67F0-40DE-A3A2-D3E716E1030A}.Release|Any CPU.ActiveCfg = Release|Any CPU
		{F96CA95F-67F0-40DE-A3A2-D3E716E1030A}.Release|Any CPU.Build.0 = Release|Any CPU
		{F2FD0C9D-AFB2-454B-9E3C-CDB0074DE06D}.Debug|Any CPU.ActiveCfg = Debug|Any CPU
		{F2FD0C9D-AFB2-454B-9E3C-CDB0074DE06D}.Debug|Any CPU.Build.0 = Debug|Any CPU
		{F2FD0C9D-AFB2-454B-9E3C-CDB0074DE06D}.Release|Any CPU.ActiveCfg = Release|Any CPU
		{F2FD0C9D-AFB2-454B-9E3C-CDB0074DE06D}.Release|Any CPU.Build.0 = Release|Any CPU
	EndGlobalSection
	GlobalSection(SolutionProperties) = preSolution
		HideSolutionNode = FALSE
	EndGlobalSection
	GlobalSection(ExtensibilityGlobals) = postSolution
		SolutionGuid = {00D4F344-0B1A-4C24-952F-564698D10B0A}
	EndGlobalSection
EndGlobal
